
Microsoft Visual Studio Solution File, Format Version 12.00
# Visual Studio Version 16
VisualStudioVersion = 16.0.31702.278
MinimumVisualStudioVersion = 10.0.40219.1
Project("{FAE04EC0-301F-11D3-BF4B-00C04F79EFBC}") = "PatternDesignDuck", "PatternDesignDuck\PatternDesignDuck.csproj", "{110DA40B-96E0-4F3D-B01D-6542BE8D76D0}"
EndProject
Global
	GlobalSection(SolutionConfigurationPlatforms) = preSolution
		Debug|Any CPU = Debug|Any CPU
		Release|Any CPU = Release|Any CPU
	EndGlobalSection
	GlobalSection(ProjectConfigurationPlatforms) = postSolution
		{110DA40B-96E0-4F3D-B01D-6542BE8D76D0}.Debug|Any CPU.ActiveCfg = Debug|Any CPU
		{110DA40B-96E0-4F3D-B01D-6542BE8D76D0}.Debug|Any CPU.Build.0 = Debug|Any CPU
		{110DA40B-96E0-4F3D-B01D-6542BE8D76D0}.Release|Any CPU.ActiveCfg = Release|Any CPU
		{110DA40B-96E0-4F3D-B01D-6542BE8D76D0}.Release|Any CPU.Build.0 = Release|Any CPU
	EndGlobalSection
	GlobalSection(SolutionProperties) = preSolution
		HideSolutionNode = FALSE
	EndGlobalSection
	GlobalSection(ExtensibilityGlobals) = postSolution
		SolutionGuid = {577909A2-41B6-420C-AD17-C816CB1F35AE}
	EndGlobalSection
EndGlobal
